
Microsoft Visual Studio Solution File, Format Version 12.00
# Visual Studio Version 16
VisualStudioVersion = 16.0.31205.134
MinimumVisualStudioVersion = 10.0.40219.1
Project("{9A19103F-16F7-4668-BE54-9A1E7A4F7556}") = "CountryGWP.Web", "CountryGWP.Web.csproj", "{F7CF6788-102E-4DAE-8095-35FF9D0E84B2}"
EndProject
Project("{FAE04EC0-301F-11D3-BF4B-00C04F79EFBC}") = "CountryGWP.Data", "..\CountryGWP.Data\CountryGWP.Data.csproj", "{80CDFC72-7623-41FE-BD76-0F5743E66FBD}"
EndProject
Project("{FAE04EC0-301F-11D3-BF4B-00C04F79EFBC}") = "CountryGWP.Service", "..\CountryGWP.Service\CountryGWP.Service.csproj", "{87DC2063-359F-4687-9F90-1F94E35D9A5C}"
EndProject
Project("{FAE04EC0-301F-11D3-BF4B-00C04F79EFBC}") = "CountryGWP.Repository", "..\CountryGWP.Repository\CountryGWP.Repository.csproj", "{A7968F25-2D48-47EB-A685-B72DF5D5D5B6}"
EndProject
Global
	GlobalSection(SolutionConfigurationPlatforms) = preSolution
		Debug|Any CPU = Debug|Any CPU
		Release|Any CPU = Release|Any CPU
	EndGlobalSection
	GlobalSection(ProjectConfigurationPlatforms) = postSolution
		{F7CF6788-102E-4DAE-8095-35FF9D0E84B2}.Debug|Any CPU.ActiveCfg = Debug|Any CPU
		{F7CF6788-102E-4DAE-8095-35FF9D0E84B2}.Debug|Any CPU.Build.0 = Debug|Any CPU
		{F7CF6788-102E-4DAE-8095-35FF9D0E84B2}.Release|Any CPU.ActiveCfg = Release|Any CPU
		{F7CF6788-102E-4DAE-8095-35FF9D0E84B2}.Release|Any CPU.Build.0 = Release|Any CPU
		{80CDFC72-7623-41FE-BD76-0F5743E66FBD}.Debug|Any CPU.ActiveCfg = Debug|Any CPU
		{80CDFC72-7623-41FE-BD76-0F5743E66FBD}.Debug|Any CPU.Build.0 = Debug|Any CPU
		{80CDFC72-7623-41FE-BD76-0F5743E66FBD}.Release|Any CPU.ActiveCfg = Release|Any CPU
		{80CDFC72-7623-41FE-BD76-0F5743E66FBD}.Release|Any CPU.Build.0 = Release|Any CPU
		{87DC2063-359F-4687-9F90-1F94E35D9A5C}.Debug|Any CPU.ActiveCfg = Debug|Any CPU
		{87DC2063-359F-4687-9F90-1F94E35D9A5C}.Debug|Any CPU.Build.0 = Debug|Any CPU
		{87DC2063-359F-4687-9F90-1F94E35D9A5C}.Release|Any CPU.ActiveCfg = Release|Any CPU
		{87DC2063-359F-4687-9F90-1F94E35D9A5C}.Release|Any CPU.Build.0 = Release|Any CPU
		{A7968F25-2D48-47EB-A685-B72DF5D5D5B6}.Debug|Any CPU.ActiveCfg = Debug|Any CPU
		{A7968F25-2D48-47EB-A685-B72DF5D5D5B6}.Debug|Any CPU.Build.0 = Debug|Any CPU
		{A7968F25-2D48-47EB-A685-B72DF5D5D5B6}.Release|Any CPU.ActiveCfg = Release|Any CPU
		{A7968F25-2D48-47EB-A685-B72DF5D5D5B6}.Release|Any CPU.Build.0 = Release|Any CPU
	EndGlobalSection
	GlobalSection(SolutionProperties) = preSolution
		HideSolutionNode = FALSE
	EndGlobalSection
	GlobalSection(ExtensibilityGlobals) = postSolution
		SolutionGuid = {7D171283-DD72-4D5D-A224-978422A54E48}
	EndGlobalSection
EndGlobal
